
Microsoft Visual Studio Solution File, Format Version 12.00
# Visual Studio Version 16
VisualStudioVersion = 16.0.30011.22
MinimumVisualStudioVersion = 10.0.40219.1
Project("{9A19103F-16F7-4668-BE54-9A1E7A4F7556}") = "BlazorComponent", "BlazorComponent\BlazorComponent.csproj", "{EF0126DC-E87F-413C-AF5A-A4AE6C38BE82}"
EndProject
Global
	GlobalSection(SolutionConfigurationPlatforms) = preSolution
		Debug|Any CPU = Debug|Any CPU
		Release|Any CPU = Release|Any CPU
	EndGlobalSection
	GlobalSection(ProjectConfigurationPlatforms) = postSolution
		{EF0126DC-E87F-413C-AF5A-A4AE6C38BE82}.Debug|Any CPU.ActiveCfg = Debug|Any CPU
		{EF0126DC-E87F-413C-AF5A-A4AE6C38BE82}.Debug|Any CPU.Build.0 = Debug|Any CPU
		{EF0126DC-E87F-413C-AF5A-A4AE6C38BE82}.Release|Any CPU.ActiveCfg = Release|Any CPU
		{EF0126DC-E87F-413C-AF5A-A4AE6C38BE82}.Release|Any CPU.Build.0 = Release|Any CPU
	EndGlobalSection
	GlobalSection(SolutionProperties) = preSolution
		HideSolutionNode = FALSE
	EndGlobalSection
	GlobalSection(ExtensibilityGlobals) = postSolution
		SolutionGuid = {DDD18800-523C-4E9E-9D5E-54680889AF87}
	EndGlobalSection
EndGlobal
